
Microsoft Visual Studio Solution File, Format Version 12.00
# Visual Studio 15
VisualStudioVersion = 15.0.28010.2046
MinimumVisualStudioVersion = 10.0.40219.1
Project("{8BC9CEB8-8B4A-11D0-8D11-00A0C91BC942}") = "Direct3D12 Win32 Game1", "Direct3D12 Win32 Game1\Direct3D12 Win32 Game1.vcxproj", "{8FBF9157-A820-4167-B227-362073D94079}"
EndProject
Global
	GlobalSection(SolutionConfigurationPlatforms) = preSolution
		Debug|x64 = Debug|x64
		Debug|x86 = Debug|x86
		Release|x64 = Release|x64
		Release|x86 = Release|x86
	EndGlobalSection
	GlobalSection(ProjectConfigurationPlatforms) = postSolution
		{8FBF9157-A820-4167-B227-362073D94079}.Debug|x64.ActiveCfg = Debug|x64
		{8FBF9157-A820-4167-B227-362073D94079}.Debug|x64.Build.0 = Debug|x64
		{8FBF9157-A820-4167-B227-362073D94079}.Debug|x86.ActiveCfg = Debug|Win32
		{8FBF9157-A820-4167-B227-362073D94079}.Debug|x86.Build.0 = Debug|Win32
		{8FBF9157-A820-4167-B227-362073D94079}.Release|x64.ActiveCfg = Release|x64
		{8FBF9157-A820-4167-B227-362073D94079}.Release|x64.Build.0 = Release|x64
		{8FBF9157-A820-4167-B227-362073D94079}.Release|x86.ActiveCfg = Release|Win32
		{8FBF9157-A820-4167-B227-362073D94079}.Release|x86.Build.0 = Release|Win32
	EndGlobalSection
	GlobalSection(SolutionProperties) = preSolution
		HideSolutionNode = FALSE
	EndGlobalSection
	GlobalSection(ExtensibilityGlobals) = postSolution
		SolutionGuid = {1D5E3AD2-E79C-421B-B24E-79A1D33F6D63}
	EndGlobalSection
EndGlobal
